
Microsoft Visual Studio Solution File, Format Version 12.00
# Visual Studio Version 16
VisualStudioVersion = 16.0.29230.47
MinimumVisualStudioVersion = 10.0.40219.1
Project("{FAE04EC0-301F-11D3-BF4B-00C04F79EFBC}") = "Harjoitus1", "Harjoitus1\Harjoitus1.csproj", "{04953121-B0F1-49BD-B842-084E0BCC2C07}"
EndProject
Global
	GlobalSection(SolutionConfigurationPlatforms) = preSolution
		Debug|Any CPU = Debug|Any CPU
		Release|Any CPU = Release|Any CPU
	EndGlobalSection
	GlobalSection(ProjectConfigurationPlatforms) = postSolution
		{04953121-B0F1-49BD-B842-084E0BCC2C07}.Debug|Any CPU.ActiveCfg = Debug|Any CPU
		{04953121-B0F1-49BD-B842-084E0BCC2C07}.Debug|Any CPU.Build.0 = Debug|Any CPU
		{04953121-B0F1-49BD-B842-084E0BCC2C07}.Release|Any CPU.ActiveCfg = Release|Any CPU
		{04953121-B0F1-49BD-B842-084E0BCC2C07}.Release|Any CPU.Build.0 = Release|Any CPU
	EndGlobalSection
	GlobalSection(SolutionProperties) = preSolution
		HideSolutionNode = FALSE
	EndGlobalSection
	GlobalSection(ExtensibilityGlobals) = postSolution
		SolutionGuid = {6414FBF9-1CB5-4571-BD1A-86FD13206FDC}
	EndGlobalSection
EndGlobal
