
Microsoft Visual Studio Solution File, Format Version 12.00
# Visual Studio Version 16
VisualStudioVersion = 16.0.29230.47
MinimumVisualStudioVersion = 10.0.40219.1
Project("{9A19103F-16F7-4668-BE54-9A1E7A4F7556}") = "Harjoitus1", "Harjoitus1\Harjoitus1.csproj", "{04953121-B0F1-49BD-B842-084E0BCC2C07}"
EndProject
Project("{9A19103F-16F7-4668-BE54-9A1E7A4F7556}") = "Harjoitus 2", "Harjoitus 2\Harjoitus 2.csproj", "{B8075DC2-23CE-41BE-9A7C-44E53BE5D840}"
EndProject
Project("{9A19103F-16F7-4668-BE54-9A1E7A4F7556}") = "Harjoitus 3 (KT)", "Harjoitus 3 (KT)\Harjoitus 3 (KT).csproj", "{508BBEE0-712B-4357-9A08-50912F0B7BE0}"
EndProject
Project("{9A19103F-16F7-4668-BE54-9A1E7A4F7556}") = "Harjoitus 4 (KT)", "Harjoitus 4 (KT)\Harjoitus 4 (KT).csproj", "{F80634C0-438C-4520-9A6C-12E5671D156E}"
EndProject
Project("{9A19103F-16F7-4668-BE54-9A1E7A4F7556}") = "Harjoitus 5", "Harjoitus 5\Harjoitus 5.csproj", "{C3D63C52-F3E0-4765-86EC-A95ED4F01455}"
EndProject
Project("{9A19103F-16F7-4668-BE54-9A1E7A4F7556}") = "Harjoitus 6", "Harjoitus 6\Harjoitus 6.csproj", "{BBFD307B-0E9A-438B-9919-3AB7DBCAAD2B}"
EndProject
Project("{9A19103F-16F7-4668-BE54-9A1E7A4F7556}") = "Harjoitus 7", "Harjoitus 7\Harjoitus 7.csproj", "{F7E6C623-77DB-4C11-835F-1679B32470AE}"
EndProject
Project("{9A19103F-16F7-4668-BE54-9A1E7A4F7556}") = "Harjoitus 8 (KT)", "Harjoitus 8 (KT)\Harjoitus 8 (KT).csproj", "{EE7C2B14-33CC-4555-BE52-06DEEF25B51D}"
EndProject
Project("{9A19103F-16F7-4668-BE54-9A1E7A4F7556}") = "Harjoitus 9 (KT)", "Harjoitus 9 (KT)\Harjoitus 9 (KT).csproj", "{B1F921E1-DABB-459B-8703-6020F5C241BB}"
EndProject
Project("{9A19103F-16F7-4668-BE54-9A1E7A4F7556}") = "Harjoitus 10", "Harjoitus 10\Harjoitus 10.csproj", "{4F3BDD98-149E-4B31-AFDC-40C38C8D1F1F}"
EndProject
Project("{FAE04EC0-301F-11D3-BF4B-00C04F79EFBC}") = "Hajroitus 15", "Hajroitus 15\Hajroitus 15.csproj", "{1E74A699-BF1D-4B1A-9A83-8CA032318A19}"
EndProject
Project("{FAE04EC0-301F-11D3-BF4B-00C04F79EFBC}") = "Harjoitsu 16", "Harjoitsu 16\Harjoitsu 16.csproj", "{6EE00DF2-09A7-4275-91A9-206B173D0EE7}"
EndProject
Global
	GlobalSection(SolutionConfigurationPlatforms) = preSolution
		Debug|Any CPU = Debug|Any CPU
		Release|Any CPU = Release|Any CPU
	EndGlobalSection
	GlobalSection(ProjectConfigurationPlatforms) = postSolution
		{04953121-B0F1-49BD-B842-084E0BCC2C07}.Debug|Any CPU.ActiveCfg = Debug|Any CPU
		{04953121-B0F1-49BD-B842-084E0BCC2C07}.Debug|Any CPU.Build.0 = Debug|Any CPU
		{04953121-B0F1-49BD-B842-084E0BCC2C07}.Release|Any CPU.ActiveCfg = Release|Any CPU
		{04953121-B0F1-49BD-B842-084E0BCC2C07}.Release|Any CPU.Build.0 = Release|Any CPU
		{B8075DC2-23CE-41BE-9A7C-44E53BE5D840}.Debug|Any CPU.ActiveCfg = Debug|Any CPU
		{B8075DC2-23CE-41BE-9A7C-44E53BE5D840}.Debug|Any CPU.Build.0 = Debug|Any CPU
		{B8075DC2-23CE-41BE-9A7C-44E53BE5D840}.Release|Any CPU.ActiveCfg = Release|Any CPU
		{B8075DC2-23CE-41BE-9A7C-44E53BE5D840}.Release|Any CPU.Build.0 = Release|Any CPU
		{508BBEE0-712B-4357-9A08-50912F0B7BE0}.Debug|Any CPU.ActiveCfg = Debug|Any CPU
		{508BBEE0-712B-4357-9A08-50912F0B7BE0}.Debug|Any CPU.Build.0 = Debug|Any CPU
		{508BBEE0-712B-4357-9A08-50912F0B7BE0}.Release|Any CPU.ActiveCfg = Release|Any CPU
		{508BBEE0-712B-4357-9A08-50912F0B7BE0}.Release|Any CPU.Build.0 = Release|Any CPU
		{F80634C0-438C-4520-9A6C-12E5671D156E}.Debug|Any CPU.ActiveCfg = Debug|Any CPU
		{F80634C0-438C-4520-9A6C-12E5671D156E}.Debug|Any CPU.Build.0 = Debug|Any CPU
		{F80634C0-438C-4520-9A6C-12E5671D156E}.Release|Any CPU.ActiveCfg = Release|Any CPU
		{F80634C0-438C-4520-9A6C-12E5671D156E}.Release|Any CPU.Build.0 = Release|Any CPU
		{C3D63C52-F3E0-4765-86EC-A95ED4F01455}.Debug|Any CPU.ActiveCfg = Debug|Any CPU
		{C3D63C52-F3E0-4765-86EC-A95ED4F01455}.Debug|Any CPU.Build.0 = Debug|Any CPU
		{C3D63C52-F3E0-4765-86EC-A95ED4F01455}.Release|Any CPU.ActiveCfg = Release|Any CPU
		{C3D63C52-F3E0-4765-86EC-A95ED4F01455}.Release|Any CPU.Build.0 = Release|Any CPU
		{BBFD307B-0E9A-438B-9919-3AB7DBCAAD2B}.Debug|Any CPU.ActiveCfg = Debug|Any CPU
		{BBFD307B-0E9A-438B-9919-3AB7DBCAAD2B}.Debug|Any CPU.Build.0 = Debug|Any CPU
		{BBFD307B-0E9A-438B-9919-3AB7DBCAAD2B}.Release|Any CPU.ActiveCfg = Release|Any CPU
		{BBFD307B-0E9A-438B-9919-3AB7DBCAAD2B}.Release|Any CPU.Build.0 = Release|Any CPU
		{F7E6C623-77DB-4C11-835F-1679B32470AE}.Debug|Any CPU.ActiveCfg = Debug|Any CPU
		{F7E6C623-77DB-4C11-835F-1679B32470AE}.Debug|Any CPU.Build.0 = Debug|Any CPU
		{F7E6C623-77DB-4C11-835F-1679B32470AE}.Release|Any CPU.ActiveCfg = Release|Any CPU
		{F7E6C623-77DB-4C11-835F-1679B32470AE}.Release|Any CPU.Build.0 = Release|Any CPU
		{EE7C2B14-33CC-4555-BE52-06DEEF25B51D}.Debug|Any CPU.ActiveCfg = Debug|Any CPU
		{EE7C2B14-33CC-4555-BE52-06DEEF25B51D}.Debug|Any CPU.Build.0 = Debug|Any CPU
		{EE7C2B14-33CC-4555-BE52-06DEEF25B51D}.Release|Any CPU.ActiveCfg = Release|Any CPU
		{EE7C2B14-33CC-4555-BE52-06DEEF25B51D}.Release|Any CPU.Build.0 = Release|Any CPU
		{B1F921E1-DABB-459B-8703-6020F5C241BB}.Debug|Any CPU.ActiveCfg = Debug|Any CPU
		{B1F921E1-DABB-459B-8703-6020F5C241BB}.Debug|Any CPU.Build.0 = Debug|Any CPU
		{B1F921E1-DABB-459B-8703-6020F5C241BB}.Release|Any CPU.ActiveCfg = Release|Any CPU
		{B1F921E1-DABB-459B-8703-6020F5C241BB}.Release|Any CPU.Build.0 = Release|Any CPU
		{4F3BDD98-149E-4B31-AFDC-40C38C8D1F1F}.Debug|Any CPU.ActiveCfg = Debug|Any CPU
		{4F3BDD98-149E-4B31-AFDC-40C38C8D1F1F}.Debug|Any CPU.Build.0 = Debug|Any CPU
		{4F3BDD98-149E-4B31-AFDC-40C38C8D1F1F}.Release|Any CPU.ActiveCfg = Release|Any CPU
		{4F3BDD98-149E-4B31-AFDC-40C38C8D1F1F}.Release|Any CPU.Build.0 = Release|Any CPU
		{1E74A699-BF1D-4B1A-9A83-8CA032318A19}.Debug|Any CPU.ActiveCfg = Debug|Any CPU
		{1E74A699-BF1D-4B1A-9A83-8CA032318A19}.Debug|Any CPU.Build.0 = Debug|Any CPU
		{1E74A699-BF1D-4B1A-9A83-8CA032318A19}.Release|Any CPU.ActiveCfg = Release|Any CPU
		{1E74A699-BF1D-4B1A-9A83-8CA032318A19}.Release|Any CPU.Build.0 = Release|Any CPU
		{6EE00DF2-09A7-4275-91A9-206B173D0EE7}.Debug|Any CPU.ActiveCfg = Debug|Any CPU
		{6EE00DF2-09A7-4275-91A9-206B173D0EE7}.Debug|Any CPU.Build.0 = Debug|Any CPU
		{6EE00DF2-09A7-4275-91A9-206B173D0EE7}.Release|Any CPU.ActiveCfg = Release|Any CPU
		{6EE00DF2-09A7-4275-91A9-206B173D0EE7}.Release|Any CPU.Build.0 = Release|Any CPU
	EndGlobalSection
	GlobalSection(SolutionProperties) = preSolution
		HideSolutionNode = FALSE
	EndGlobalSection
	GlobalSection(ExtensibilityGlobals) = postSolution
		SolutionGuid = {6414FBF9-1CB5-4571-BD1A-86FD13206FDC}
	EndGlobalSection
EndGlobal
